// !$*UTF8*$!
{
	archiveVersion = 1;
	classes = {
	};
	objectVersion = 51;
	objects = {

/* Begin PBXBuildFile section */
		32019B462244C6990044BDB0 /* XLPagerTabStrip.framework in Frameworks */ = {isa = PBXBuildFile; fileRef = 32019B452244C6990044BDB0 /* XLPagerTabStrip.framework */; };
		321C8FF82244D4B60076A86D /* TabPageViewController.framework in Frameworks */ = {isa = PBXBuildFile; fileRef = 321C8FF72244D4B60076A86D /* TabPageViewController.framework */; };
		321C8FFA2244D7660076A86D /* SnapKit.framework in Frameworks */ = {isa = PBXBuildFile; fileRef = 321C8FF92244D7660076A86D /* SnapKit.framework */; };
		325CD3BC224C6C9B0043C8DB /* Alamofire.framework in Frameworks */ = {isa = PBXBuildFile; fileRef = 325CD3BB224C6C9B0043C8DB /* Alamofire.framework */; };
		326B22E52244D8E0004A4C49 /* SwipeViewController.framework in Frameworks */ = {isa = PBXBuildFile; fileRef = 326B22E42244D8E0004A4C49 /* SwipeViewController.framework */; };
		59A95047FA214D5A659A3755 /* MainTabBarController.swift in Sources */ = {isa = PBXBuildFile; fileRef = 59A952051E208D2D26FCE998 /* MainTabBarController.swift */; };
		59A9526DFFDE0B742C85A3E6 /* Extensions.swift in Sources */ = {isa = PBXBuildFile; fileRef = 59A95AADB293BE5DBFA937F9 /* Extensions.swift */; };
		59A95276D7B2FC80ABB209F7 /* MyTableVC.swift in Sources */ = {isa = PBXBuildFile; fileRef = 59A959790A4BAC992228A49E /* MyTableVC.swift */; };
		59A9575A08034FCC5A3600F7 /* AppDelegate.swift in Sources */ = {isa = PBXBuildFile; fileRef = 59A9574C49826418C87538A9 /* AppDelegate.swift */; };
		59A957DC6EBE931BB2E02D64 /* LaunchScreen.storyboard in Resources */ = {isa = PBXBuildFile; fileRef = 59A9526197ACA5C1DAA19215 /* LaunchScreen.storyboard */; };
		59A9584E9230318515F3F8B9 /* MyMapVC.swift in Sources */ = {isa = PBXBuildFile; fileRef = 59A95C6AB0019A5D8AD1A487 /* MyMapVC.swift */; };
		59A95D384F1A1FC243886321 /* Assets.xcassets in Resources */ = {isa = PBXBuildFile; fileRef = 59A95767C08C097591FA06B9 /* Assets.xcassets */; };
		59A95F70DAB2E45B7766D56D /* TableCell.swift in Sources */ = {isa = PBXBuildFile; fileRef = 59A957953A4E022019BA5126 /* TableCell.swift */; };
/* End PBXBuildFile section */

/* Begin PBXFileReference section */
		32019B452244C6990044BDB0 /* XLPagerTabStrip.framework */ = {isa = PBXFileReference; lastKnownFileType = wrapper.framework; name = XLPagerTabStrip.framework; path = Carthage/Build/iOS/XLPagerTabStrip.framework; sourceTree = "<group>"; };
		321C8FF72244D4B60076A86D /* TabPageViewController.framework */ = {isa = PBXFileReference; lastKnownFileType = wrapper.framework; name = TabPageViewController.framework; path = Carthage/Build/iOS/TabPageViewController.framework; sourceTree = "<group>"; };
		321C8FF92244D7660076A86D /* SnapKit.framework */ = {isa = PBXFileReference; lastKnownFileType = wrapper.framework; name = SnapKit.framework; path = Carthage/Build/iOS/SnapKit.framework; sourceTree = "<group>"; };
		325CD3BB224C6C9B0043C8DB /* Alamofire.framework */ = {isa = PBXFileReference; lastKnownFileType = wrapper.framework; name = Alamofire.framework; path = Carthage/Build/iOS/Alamofire.framework; sourceTree = "<group>"; };
		326B22E42244D8E0004A4C49 /* SwipeViewController.framework */ = {isa = PBXFileReference; lastKnownFileType = wrapper.framework; name = SwipeViewController.framework; path = Carthage/Build/iOS/SwipeViewController.framework; sourceTree = "<group>"; };
		59A952051E208D2D26FCE998 /* MainTabBarController.swift */ = {isa = PBXFileReference; fileEncoding = 4; lastKnownFileType = sourcecode.swift; path = MainTabBarController.swift; sourceTree = "<group>"; };
		59A9574C49826418C87538A9 /* AppDelegate.swift */ = {isa = PBXFileReference; lastKnownFileType = sourcecode.swift; path = AppDelegate.swift; sourceTree = "<group>"; };
		59A95767C08C097591FA06B9 /* Assets.xcassets */ = {isa = PBXFileReference; lastKnownFileType = folder.assetcatalog; path = Assets.xcassets; sourceTree = "<group>"; };
		59A957953A4E022019BA5126 /* TableCell.swift */ = {isa = PBXFileReference; fileEncoding = 4; lastKnownFileType = sourcecode.swift; path = TableCell.swift; sourceTree = "<group>"; };
		59A959790A4BAC992228A49E /* MyTableVC.swift */ = {isa = PBXFileReference; lastKnownFileType = sourcecode.swift; path = MyTableVC.swift; sourceTree = "<group>"; };
		59A95AADB293BE5DBFA937F9 /* Extensions.swift */ = {isa = PBXFileReference; fileEncoding = 4; lastKnownFileType = sourcecode.swift; path = Extensions.swift; sourceTree = "<group>"; };
		59A95B43ACE3F7D8D02BD068 /* Base */ = {isa = PBXFileReference; lastKnownFileType = file.storyboard; name = Base; path = Base.lproj/LaunchScreen.storyboard; sourceTree = "<group>"; };
		59A95C0BAD3CF1EE4A698A23 /* Info.plist */ = {isa = PBXFileReference; lastKnownFileType = text.plist.info; path = Info.plist; sourceTree = "<group>"; };
		59A95C6AB0019A5D8AD1A487 /* MyMapVC.swift */ = {isa = PBXFileReference; fileEncoding = 4; lastKnownFileType = sourcecode.swift; path = MyMapVC.swift; sourceTree = "<group>"; };
		59A95FEF819A60839B9A540C /* SimpleIOSApp.app */ = {isa = PBXFileReference; explicitFileType = wrapper.application; includeInIndex = 0; path = SimpleIOSApp.app; sourceTree = BUILT_PRODUCTS_DIR; };
/* End PBXFileReference section */

/* Begin PBXFrameworksBuildPhase section */
		59A9558419D1627ACBEBBE19 /* Frameworks */ = {
			isa = PBXFrameworksBuildPhase;
			buildActionMask = 2147483647;
			files = (
				326B22E52244D8E0004A4C49 /* SwipeViewController.framework in Frameworks */,
				32019B462244C6990044BDB0 /* XLPagerTabStrip.framework in Frameworks */,
				325CD3BC224C6C9B0043C8DB /* Alamofire.framework in Frameworks */,
				321C8FF82244D4B60076A86D /* TabPageViewController.framework in Frameworks */,
				321C8FFA2244D7660076A86D /* SnapKit.framework in Frameworks */,
			);
			runOnlyForDeploymentPostprocessing = 0;
		};
/* End PBXFrameworksBuildPhase section */

/* Begin PBXGroup section */
		32019B442244C6990044BDB0 /* Frameworks */ = {
			isa = PBXGroup;
			children = (
				325CD3BB224C6C9B0043C8DB /* Alamofire.framework */,
				326B22E42244D8E0004A4C49 /* SwipeViewController.framework */,
				321C8FF92244D7660076A86D /* SnapKit.framework */,
				321C8FF72244D4B60076A86D /* TabPageViewController.framework */,
				32019B452244C6990044BDB0 /* XLPagerTabStrip.framework */,
			);
			name = Frameworks;
			sourceTree = "<group>";
		};
		59A9551DBAF7FE45BED17DEB /* Products */ = {
			isa = PBXGroup;
			children = (
				59A95FEF819A60839B9A540C /* SimpleIOSApp.app */,
			);
			name = Products;
			sourceTree = "<group>";
		};
		59A957493AEE4DF951DF945F = {
			isa = PBXGroup;
			children = (
				59A9551DBAF7FE45BED17DEB /* Products */,
				59A95A1B4BFBA824FDA86A76 /* SimpleIOSApp */,
				32019B442244C6990044BDB0 /* Frameworks */,
			);
			sourceTree = "<group>";
		};
		59A95A1B4BFBA824FDA86A76 /* SimpleIOSApp */ = {
			isa = PBXGroup;
			children = (
				59A95C0BAD3CF1EE4A698A23 /* Info.plist */,
				59A95767C08C097591FA06B9 /* Assets.xcassets */,
				59A9526197ACA5C1DAA19215 /* LaunchScreen.storyboard */,
				59A9574C49826418C87538A9 /* AppDelegate.swift */,
				59A959790A4BAC992228A49E /* MyTableVC.swift */,
				59A95AADB293BE5DBFA937F9 /* Extensions.swift */,
				59A957953A4E022019BA5126 /* TableCell.swift */,
				59A952051E208D2D26FCE998 /* MainTabBarController.swift */,
				59A95C6AB0019A5D8AD1A487 /* MyMapVC.swift */,
			);
			path = SimpleIOSApp;
			sourceTree = "<group>";
		};
/* End PBXGroup section */

/* Begin PBXNativeTarget section */
		59A952B9FC1B4A3B55D20E30 /* SimpleIOSApp */ = {
			isa = PBXNativeTarget;
			buildConfigurationList = 59A9579185CEB333218551FE /* Build configuration list for PBXNativeTarget "SimpleIOSApp" */;
			buildPhases = (
				59A95DA0532A688B254741C0 /* Sources */,
				59A9558419D1627ACBEBBE19 /* Frameworks */,
				59A95BAF2AFD8C48D65C279D /* Resources */,
				32019B432244C5270044BDB0 /* Carthage copy framework */,
			);
			buildRules = (
			);
			dependencies = (
			);
			name = SimpleIOSApp;
			productName = SimpleIOSApp;
			productReference = 59A95FEF819A60839B9A540C /* SimpleIOSApp.app */;
			productType = "com.apple.product-type.application";
		};
/* End PBXNativeTarget section */

/* Begin PBXProject section */
		59A952147F1192AF5BBA2DE3 /* Project object */ = {
			isa = PBXProject;
			attributes = {
				ORGANIZATIONNAME = "___FULLUSERNAME___";
			};
			buildConfigurationList = 59A952D8A9F92EB551FF8517 /* Build configuration list for PBXProject "SimpleIOSApp" */;
			compatibilityVersion = "Xcode 3.2";
			developmentRegion = English;
			hasScannedForEncodings = 0;
			knownRegions = (
				en,
			);
			mainGroup = 59A957493AEE4DF951DF945F;
			productRefGroup = 59A9551DBAF7FE45BED17DEB /* Products */;
			projectDirPath = "";
			projectRoot = "";
			targets = (
				59A952B9FC1B4A3B55D20E30 /* SimpleIOSApp */,
			);
		};
/* End PBXProject section */

/* Begin PBXResourcesBuildPhase section */
		59A95BAF2AFD8C48D65C279D /* Resources */ = {
			isa = PBXResourcesBuildPhase;
			buildActionMask = 2147483647;
			files = (
				59A95D384F1A1FC243886321 /* Assets.xcassets in Resources */,
				59A957DC6EBE931BB2E02D64 /* LaunchScreen.storyboard in Resources */,
			);
			runOnlyForDeploymentPostprocessing = 0;
		};
/* End PBXResourcesBuildPhase section */

/* Begin PBXShellScriptBuildPhase section */
		32019B432244C5270044BDB0 /* Carthage copy framework */ = {
			isa = PBXShellScriptBuildPhase;
			buildActionMask = 2147483647;
			files = (
			);
			inputFileListPaths = (
				"",
			);
			inputPaths = (
				"$(SRCROOT)/Carthage/Build/iOS/XLPagerTabStrip.framework",
				"$(SRCROOT)/Carthage/Build/iOS/TabPageViewController.framework",
				"$(SRCROOT)/Carthage/Build/iOS/SnapKit.framework",
				"$(SRCROOT)/Carthage/Build/iOS/SwipeViewController.framework",
				"$(SRCROOT)/Carthage/Build/iOS/Alamofire.framework",
			);
			name = "Carthage copy framework";
			outputFileListPaths = (
			);
			outputPaths = (
				"$(BUILT_PRODUCTS_DIR)/$(FRAMEWORKS_FOLDER_PATH)/XLPagerTabStrip.framework",
				"$(BUILT_PRODUCTS_DIR)/$(FRAMEWORKS_FOLDER_PATH)/TabPageViewController.framework",
				"$(BUILT_PRODUCTS_DIR)/$(FRAMEWORKS_FOLDER_PATH)/SnapKit.framework",
				"$(BUILT_PRODUCTS_DIR)/$(FRAMEWORKS_FOLDER_PATH)/SwipeViewController.framework",
				"$(BUILT_PRODUCTS_DIR)/$(FRAMEWORKS_FOLDER_PATH)/Alamofire.framework",
			);
			runOnlyForDeploymentPostprocessing = 0;
			shellPath = /bin/sh;
			shellScript = "# Type a script or drag a script file from your workspace to insert its path.\n/usr/local/bin/carthage copy-frameworks\n";
		};
/* End PBXShellScriptBuildPhase section */

/* Begin PBXSourcesBuildPhase section */
		59A95DA0532A688B254741C0 /* Sources */ = {
			isa = PBXSourcesBuildPhase;
			buildActionMask = 2147483647;
			files = (
				59A9575A08034FCC5A3600F7 /* AppDelegate.swift in Sources */,
				59A95276D7B2FC80ABB209F7 /* MyTableVC.swift in Sources */,
				59A9526DFFDE0B742C85A3E6 /* Extensions.swift in Sources */,
				59A95F70DAB2E45B7766D56D /* TableCell.swift in Sources */,
				59A95047FA214D5A659A3755 /* MainTabBarController.swift in Sources */,
				59A9584E9230318515F3F8B9 /* MyMapVC.swift in Sources */,
			);
			runOnlyForDeploymentPostprocessing = 0;
		};
/* End PBXSourcesBuildPhase section */

/* Begin PBXVariantGroup section */
		59A9526197ACA5C1DAA19215 /* LaunchScreen.storyboard */ = {
			isa = PBXVariantGroup;
			children = (
				59A95B43ACE3F7D8D02BD068 /* Base */,
			);
			name = LaunchScreen.storyboard;
			sourceTree = "<group>";
		};
/* End PBXVariantGroup section */

/* Begin XCBuildConfiguration section */
		59A9519A2673233FD13F25E4 /* Debug */ = {
			isa = XCBuildConfiguration;
			buildSettings = {
				ALWAYS_SEARCH_USER_PATHS = NO;
				CLANG_ANALYZER_NONNULL = YES;
				CLANG_ANALYZER_NUMBER_OBJECT_CONVERSION = YES_AGGRESSIVE;
				CLANG_CXX_LANGUAGE_STANDARD = "gnu++14";
				CLANG_CXX_LIBRARY = "libc++";
				CLANG_ENABLE_MODULES = YES;
				CLANG_ENABLE_OBJC_ARC = YES;
				CLANG_ENABLE_OBJC_WEAK = YES;
				CLANG_WARN_BLOCK_CAPTURE_AUTORELEASING = YES;
				CLANG_WARN_BOOL_CONVERSION = YES;
				CLANG_WARN_COMMA = YES;
				CLANG_WARN_CONSTANT_CONVERSION = YES;
				CLANG_WARN_DEPRECATED_OBJC_IMPLEMENTATIONS = YES;
				CLANG_WARN_DIRECT_OBJC_ISA_USAGE = YES_ERROR;
				CLANG_WARN_DOCUMENTATION_COMMENTS = YES;
				CLANG_WARN_EMPTY_BODY = YES;
				CLANG_WARN_ENUM_CONVERSION = YES;
				CLANG_WARN_INFINITE_RECURSION = YES;
				CLANG_WARN_INT_CONVERSION = YES;
				CLANG_WARN_NON_LITERAL_NULL_CONVERSION = YES;
				CLANG_WARN_OBJC_IMPLICIT_RETAIN_SELF = YES;
				CLANG_WARN_OBJC_LITERAL_CONVERSION = YES;
				CLANG_WARN_OBJC_ROOT_CLASS = YES_ERROR;
				CLANG_WARN_RANGE_LOOP_ANALYSIS = YES;
				CLANG_WARN_STRICT_PROTOTYPES = YES;
				CLANG_WARN_SUSPICIOUS_MOVE = YES;
				CLANG_WARN_UNGUARDED_AVAILABILITY = YES_AGGRESSIVE;
				CLANG_WARN_UNREACHABLE_CODE = YES;
				CLANG_WARN__DUPLICATE_METHOD_MATCH = YES;
				CODE_SIGN_IDENTITY = "iPhone Developer";
				COPY_PHASE_STRIP = NO;
				DEBUG_INFORMATION_FORMAT = dwarf;
				ENABLE_STRICT_OBJC_MSGSEND = YES;
				ENABLE_TESTABILITY = YES;
				GCC_C_LANGUAGE_STANDARD = gnu11;
				GCC_DYNAMIC_NO_PIC = NO;
				GCC_NO_COMMON_BLOCKS = YES;
				GCC_OPTIMIZATION_LEVEL = 0;
				GCC_PREPROCESSOR_DEFINITIONS = (
					"DEBUG=1",
					"$(inherited)",
				);
				GCC_WARN_64_TO_32_BIT_CONVERSION = YES;
				GCC_WARN_ABOUT_RETURN_TYPE = YES_ERROR;
				GCC_WARN_UNDECLARED_SELECTOR = YES;
				GCC_WARN_UNINITIALIZED_AUTOS = YES_AGGRESSIVE;
				GCC_WARN_UNUSED_FUNCTION = YES;
				GCC_WARN_UNUSED_VARIABLE = YES;
				IPHONEOS_DEPLOYMENT_TARGET = 12.1;
				MTL_ENABLE_DEBUG_INFO = INCLUDE_SOURCE;
				MTL_FAST_MATH = YES;
				ONLY_ACTIVE_ARCH = YES;
				SDKROOT = iphoneos;
				SWIFT_ACTIVE_COMPILATION_CONDITIONS = DEBUG;
				SWIFT_OPTIMIZATION_LEVEL = "-Onone";
			};
			name = Debug;
		};
		59A9549C94913279DCDC32A8 /* Debug */ = {
			isa = XCBuildConfiguration;
			buildSettings = {
				ASSETCATALOG_COMPILER_APPICON_NAME = AppIcon;
				FRAMEWORK_SEARCH_PATHS = (
					"$(inherited)",
					"$(PROJECT_DIR)/Carthage/Build/iOS",
				);
				INFOPLIST_FILE = SimpleIOSApp/Info.plist;
				LD_RUNPATH_SEARCH_PATHS = (
					"$(inherited)",
					"@executable_path/Frameworks",
				);
				PRODUCT_BUNDLE_IDENTIFIER = utolayoutDemo.long.com.SimpleIOSApp;
				PRODUCT_NAME = "$(TARGET_NAME)";
				SWIFT_VERSION = 4.2;
				TARGETED_DEVICE_FAMILY = "1,2";
			};
			name = Debug;
		};
		59A955F1D37476697EE5FFDD /* Release */ = {
			isa = XCBuildConfiguration;
			buildSettings = {
				ALWAYS_SEARCH_USER_PATHS = NO;
				CLANG_ANALYZER_NONNULL = YES;
				CLANG_ANALYZER_NUMBER_OBJECT_CONVERSION = YES_AGGRESSIVE;
				CLANG_CXX_LANGUAGE_STANDARD = "gnu++14";
				CLANG_CXX_LIBRARY = "libc++";
				CLANG_ENABLE_MODULES = YES;
				CLANG_ENABLE_OBJC_ARC = YES;
				CLANG_ENABLE_OBJC_WEAK = YES;
				CLANG_WARN_BLOCK_CAPTURE_AUTORELEASING = YES;
				CLANG_WARN_BOOL_CONVERSION = YES;
				CLANG_WARN_COMMA = YES;
				CLANG_WARN_CONSTANT_CONVERSION = YES;
				CLANG_WARN_DEPRECATED_OBJC_IMPLEMENTATIONS = YES;
				CLANG_WARN_DIRECT_OBJC_ISA_USAGE = YES_ERROR;
				CLANG_WARN_DOCUMENTATION_COMMENTS = YES;
				CLANG_WARN_EMPTY_BODY = YES;
				CLANG_WARN_ENUM_CONVERSION = YES;
				CLANG_WARN_INFINITE_RECURSION = YES;
				CLANG_WARN_INT_CONVERSION = YES;
				CLANG_WARN_NON_LITERAL_NULL_CONVERSION = YES;
				CLANG_WARN_OBJC_IMPLICIT_RETAIN_SELF = YES;
				CLANG_WARN_OBJC_LITERAL_CONVERSION = YES;
				CLANG_WARN_OBJC_ROOT_CLASS = YES_ERROR;
				CLANG_WARN_RANGE_LOOP_ANALYSIS = YES;
				CLANG_WARN_STRICT_PROTOTYPES = YES;
				CLANG_WARN_SUSPICIOUS_MOVE = YES;
				CLANG_WARN_UNGUARDED_AVAILABILITY = YES_AGGRESSIVE;
				CLANG_WARN_UNREACHABLE_CODE = YES;
				CLANG_WARN__DUPLICATE_METHOD_MATCH = YES;
				CODE_SIGN_IDENTITY = "iPhone Developer";
				COPY_PHASE_STRIP = NO;
				DEBUG_INFORMATION_FORMAT = "dwarf-with-dsym";
				ENABLE_NS_ASSERTIONS = NO;
				ENABLE_STRICT_OBJC_MSGSEND = YES;
				GCC_C_LANGUAGE_STANDARD = gnu11;
				GCC_NO_COMMON_BLOCKS = YES;
				GCC_WARN_64_TO_32_BIT_CONVERSION = YES;
				GCC_WARN_ABOUT_RETURN_TYPE = YES_ERROR;
				GCC_WARN_UNDECLARED_SELECTOR = YES;
				GCC_WARN_UNINITIALIZED_AUTOS = YES_AGGRESSIVE;
				GCC_WARN_UNUSED_FUNCTION = YES;
				GCC_WARN_UNUSED_VARIABLE = YES;
				IPHONEOS_DEPLOYMENT_TARGET = 12.1;
				MTL_ENABLE_DEBUG_INFO = NO;
				MTL_FAST_MATH = YES;
				SDKROOT = iphoneos;
				SWIFT_COMPILATION_MODE = wholemodule;
				SWIFT_OPTIMIZATION_LEVEL = "-O";
				VALIDATE_PRODUCT = YES;
			};
			name = Release;
		};
		59A9569C36122D209132DC39 /* Release */ = {
			isa = XCBuildConfiguration;
			buildSettings = {
				ASSETCATALOG_COMPILER_APPICON_NAME = AppIcon;
				FRAMEWORK_SEARCH_PATHS = (
					"$(inherited)",
					"$(PROJECT_DIR)/Carthage/Build/iOS",
				);
				INFOPLIST_FILE = SimpleIOSApp/Info.plist;
				LD_RUNPATH_SEARCH_PATHS = (
					"$(inherited)",
					"@executable_path/Frameworks",
				);
				PRODUCT_BUNDLE_IDENTIFIER = utolayoutDemo.long.com.SimpleIOSApp;
				PRODUCT_NAME = "$(TARGET_NAME)";
				SWIFT_VERSION = 4.2;
				TARGETED_DEVICE_FAMILY = "1,2";
			};
			name = Release;
		};
/* End XCBuildConfiguration section */

/* Begin XCConfigurationList section */
		59A952D8A9F92EB551FF8517 /* Build configuration list for PBXProject "SimpleIOSApp" */ = {
			isa = XCConfigurationList;
			buildConfigurations = (
				59A9519A2673233FD13F25E4 /* Debug */,
				59A955F1D37476697EE5FFDD /* Release */,
			);
			defaultConfigurationIsVisible = 0;
			defaultConfigurationName = Release;
		};
		59A9579185CEB333218551FE /* Build configuration list for PBXNativeTarget "SimpleIOSApp" */ = {
			isa = XCConfigurationList;
			buildConfigurations = (
				59A9549C94913279DCDC32A8 /* Debug */,
				59A9569C36122D209132DC39 /* Release */,
			);
			defaultConfigurationIsVisible = 0;
			defaultConfigurationName = Release;
		};
/* End XCConfigurationList section */
	};
	rootObject = 59A952147F1192AF5BBA2DE3 /* Project object */;
}
