// !$*UTF8*$!
{
	archiveVersion = 1;
	classes = {
	};
	objectVersion = 46;
	objects = {

/* Begin PBXBuildFile section */
		32AEB391223A5A6E0065BE15 /* Constraint.swift in Sources */ = {isa = PBXBuildFile; fileRef = 32AEB36D223A5A6E0065BE15 /* Constraint.swift */; };
		32AEB392223A5A6E0065BE15 /* ConstraintAttributes.swift in Sources */ = {isa = PBXBuildFile; fileRef = 32AEB36E223A5A6E0065BE15 /* ConstraintAttributes.swift */; };
		32AEB393223A5A6E0065BE15 /* ConstraintConfig.swift in Sources */ = {isa = PBXBuildFile; fileRef = 32AEB36F223A5A6E0065BE15 /* ConstraintConfig.swift */; };
		32AEB394223A5A6E0065BE15 /* ConstraintConstantTarget.swift in Sources */ = {isa = PBXBuildFile; fileRef = 32AEB370223A5A6E0065BE15 /* ConstraintConstantTarget.swift */; };
		32AEB395223A5A6E0065BE15 /* ConstraintDescription.swift in Sources */ = {isa = PBXBuildFile; fileRef = 32AEB371223A5A6E0065BE15 /* ConstraintDescription.swift */; };
		32AEB396223A5A6E0065BE15 /* ConstraintDSL.swift in Sources */ = {isa = PBXBuildFile; fileRef = 32AEB372223A5A6E0065BE15 /* ConstraintDSL.swift */; };
		32AEB397223A5A6E0065BE15 /* ConstraintInsets.swift in Sources */ = {isa = PBXBuildFile; fileRef = 32AEB373223A5A6E0065BE15 /* ConstraintInsets.swift */; };
		32AEB398223A5A6E0065BE15 /* ConstraintInsetTarget.swift in Sources */ = {isa = PBXBuildFile; fileRef = 32AEB374223A5A6E0065BE15 /* ConstraintInsetTarget.swift */; };
		32AEB399223A5A6E0065BE15 /* ConstraintItem.swift in Sources */ = {isa = PBXBuildFile; fileRef = 32AEB375223A5A6E0065BE15 /* ConstraintItem.swift */; };
		32AEB39A223A5A6E0065BE15 /* ConstraintLayoutGuide+Extensions.swift in Sources */ = {isa = PBXBuildFile; fileRef = 32AEB376223A5A6E0065BE15 /* ConstraintLayoutGuide+Extensions.swift */; };
		32AEB39B223A5A6E0065BE15 /* ConstraintLayoutGuide.swift in Sources */ = {isa = PBXBuildFile; fileRef = 32AEB377223A5A6E0065BE15 /* ConstraintLayoutGuide.swift */; };
		32AEB39C223A5A6E0065BE15 /* ConstraintLayoutGuideDSL.swift in Sources */ = {isa = PBXBuildFile; fileRef = 32AEB378223A5A6E0065BE15 /* ConstraintLayoutGuideDSL.swift */; };
		32AEB39D223A5A6E0065BE15 /* ConstraintLayoutSupport.swift in Sources */ = {isa = PBXBuildFile; fileRef = 32AEB379223A5A6E0065BE15 /* ConstraintLayoutSupport.swift */; };
		32AEB39E223A5A6E0065BE15 /* ConstraintLayoutSupportDSL.swift in Sources */ = {isa = PBXBuildFile; fileRef = 32AEB37A223A5A6E0065BE15 /* ConstraintLayoutSupportDSL.swift */; };
		32AEB39F223A5A6E0065BE15 /* ConstraintMaker.swift in Sources */ = {isa = PBXBuildFile; fileRef = 32AEB37B223A5A6E0065BE15 /* ConstraintMaker.swift */; };
		32AEB3A0223A5A6E0065BE15 /* ConstraintMakerEditable.swift in Sources */ = {isa = PBXBuildFile; fileRef = 32AEB37C223A5A6E0065BE15 /* ConstraintMakerEditable.swift */; };
		32AEB3A1223A5A6E0065BE15 /* ConstraintMakerExtendable.swift in Sources */ = {isa = PBXBuildFile; fileRef = 32AEB37D223A5A6E0065BE15 /* ConstraintMakerExtendable.swift */; };
		32AEB3A2223A5A6E0065BE15 /* ConstraintMakerFinalizable.swift in Sources */ = {isa = PBXBuildFile; fileRef = 32AEB37E223A5A6E0065BE15 /* ConstraintMakerFinalizable.swift */; };
		32AEB3A3223A5A6E0065BE15 /* ConstraintMakerPriortizable.swift in Sources */ = {isa = PBXBuildFile; fileRef = 32AEB37F223A5A6E0065BE15 /* ConstraintMakerPriortizable.swift */; };
		32AEB3A4223A5A6E0065BE15 /* ConstraintMakerRelatable.swift in Sources */ = {isa = PBXBuildFile; fileRef = 32AEB380223A5A6E0065BE15 /* ConstraintMakerRelatable.swift */; };
		32AEB3A5223A5A6E0065BE15 /* ConstraintMultiplierTarget.swift in Sources */ = {isa = PBXBuildFile; fileRef = 32AEB381223A5A6E0065BE15 /* ConstraintMultiplierTarget.swift */; };
		32AEB3A6223A5A6E0065BE15 /* ConstraintOffsetTarget.swift in Sources */ = {isa = PBXBuildFile; fileRef = 32AEB382223A5A6E0065BE15 /* ConstraintOffsetTarget.swift */; };
		32AEB3A7223A5A6E0065BE15 /* ConstraintPriority.swift in Sources */ = {isa = PBXBuildFile; fileRef = 32AEB383223A5A6E0065BE15 /* ConstraintPriority.swift */; };
		32AEB3A8223A5A6E0065BE15 /* ConstraintPriorityTarget.swift in Sources */ = {isa = PBXBuildFile; fileRef = 32AEB384223A5A6E0065BE15 /* ConstraintPriorityTarget.swift */; };
		32AEB3A9223A5A6E0065BE15 /* ConstraintRelatableTarget.swift in Sources */ = {isa = PBXBuildFile; fileRef = 32AEB385223A5A6E0065BE15 /* ConstraintRelatableTarget.swift */; };
		32AEB3AA223A5A6E0065BE15 /* ConstraintRelation.swift in Sources */ = {isa = PBXBuildFile; fileRef = 32AEB386223A5A6E0065BE15 /* ConstraintRelation.swift */; };
		32AEB3AB223A5A6E0065BE15 /* ConstraintView+Extensions.swift in Sources */ = {isa = PBXBuildFile; fileRef = 32AEB387223A5A6E0065BE15 /* ConstraintView+Extensions.swift */; };
		32AEB3AC223A5A6E0065BE15 /* ConstraintView.swift in Sources */ = {isa = PBXBuildFile; fileRef = 32AEB388223A5A6E0065BE15 /* ConstraintView.swift */; };
		32AEB3AD223A5A6E0065BE15 /* ConstraintViewDSL.swift in Sources */ = {isa = PBXBuildFile; fileRef = 32AEB389223A5A6E0065BE15 /* ConstraintViewDSL.swift */; };
		32AEB3AE223A5A6E0065BE15 /* Debugging.swift in Sources */ = {isa = PBXBuildFile; fileRef = 32AEB38A223A5A6E0065BE15 /* Debugging.swift */; };
		32AEB3AF223A5A6E0065BE15 /* Info.plist in Resources */ = {isa = PBXBuildFile; fileRef = 32AEB38B223A5A6E0065BE15 /* Info.plist */; };
		32AEB3B0223A5A6E0065BE15 /* LayoutConstraint.swift in Sources */ = {isa = PBXBuildFile; fileRef = 32AEB38C223A5A6E0065BE15 /* LayoutConstraint.swift */; };
		32AEB3B1223A5A6E0065BE15 /* LayoutConstraintItem.swift in Sources */ = {isa = PBXBuildFile; fileRef = 32AEB38D223A5A6E0065BE15 /* LayoutConstraintItem.swift */; };
		32AEB3B2223A5A6E0065BE15 /* Typealiases.swift in Sources */ = {isa = PBXBuildFile; fileRef = 32AEB38F223A5A6E0065BE15 /* Typealiases.swift */; };
		32AEB3B3223A5A6E0065BE15 /* UILayoutSupport+Extensions.swift in Sources */ = {isa = PBXBuildFile; fileRef = 32AEB390223A5A6E0065BE15 /* UILayoutSupport+Extensions.swift */; };
		59A95094F510119A55EA8F50 /* Main.storyboard in Resources */ = {isa = PBXBuildFile; fileRef = 59A9595F649CA0869CD9B3D3 /* Main.storyboard */; };
		59A9526DFFDE0B742C85A3E6 /* Extensions.swift in Sources */ = {isa = PBXBuildFile; fileRef = 59A95AADB293BE5DBFA937F9 /* Extensions.swift */; };
		59A95276D7B2FC80ABB209F7 /* ViewController.swift in Sources */ = {isa = PBXBuildFile; fileRef = 59A959790A4BAC992228A49E /* ViewController.swift */; };
		59A954D300F8F14CE5831A73 /* Info.swift in Sources */ = {isa = PBXBuildFile; fileRef = 59A959A9AACA8644AD502FC4 /* Info.swift */; };
		59A9575A08034FCC5A3600F7 /* AppDelegate.swift in Sources */ = {isa = PBXBuildFile; fileRef = 59A9574C49826418C87538A9 /* AppDelegate.swift */; };
		59A957DC6EBE931BB2E02D64 /* LaunchScreen.storyboard in Resources */ = {isa = PBXBuildFile; fileRef = 59A9526197ACA5C1DAA19215 /* LaunchScreen.storyboard */; };
		59A95D384F1A1FC243886321 /* Assets.xcassets in Resources */ = {isa = PBXBuildFile; fileRef = 59A95767C08C097591FA06B9 /* Assets.xcassets */; };
		59A95F70DAB2E45B7766D56D /* BandCell.swift in Sources */ = {isa = PBXBuildFile; fileRef = 59A957953A4E022019BA5126 /* BandCell.swift */; };
/* End PBXBuildFile section */

/* Begin PBXFileReference section */
		32AEB36D223A5A6E0065BE15 /* Constraint.swift */ = {isa = PBXFileReference; fileEncoding = 4; lastKnownFileType = sourcecode.swift; path = Constraint.swift; sourceTree = "<group>"; };
		32AEB36E223A5A6E0065BE15 /* ConstraintAttributes.swift */ = {isa = PBXFileReference; fileEncoding = 4; lastKnownFileType = sourcecode.swift; path = ConstraintAttributes.swift; sourceTree = "<group>"; };
		32AEB36F223A5A6E0065BE15 /* ConstraintConfig.swift */ = {isa = PBXFileReference; fileEncoding = 4; lastKnownFileType = sourcecode.swift; path = ConstraintConfig.swift; sourceTree = "<group>"; };
		32AEB370223A5A6E0065BE15 /* ConstraintConstantTarget.swift */ = {isa = PBXFileReference; fileEncoding = 4; lastKnownFileType = sourcecode.swift; path = ConstraintConstantTarget.swift; sourceTree = "<group>"; };
		32AEB371223A5A6E0065BE15 /* ConstraintDescription.swift */ = {isa = PBXFileReference; fileEncoding = 4; lastKnownFileType = sourcecode.swift; path = ConstraintDescription.swift; sourceTree = "<group>"; };
		32AEB372223A5A6E0065BE15 /* ConstraintDSL.swift */ = {isa = PBXFileReference; fileEncoding = 4; lastKnownFileType = sourcecode.swift; path = ConstraintDSL.swift; sourceTree = "<group>"; };
		32AEB373223A5A6E0065BE15 /* ConstraintInsets.swift */ = {isa = PBXFileReference; fileEncoding = 4; lastKnownFileType = sourcecode.swift; path = ConstraintInsets.swift; sourceTree = "<group>"; };
		32AEB374223A5A6E0065BE15 /* ConstraintInsetTarget.swift */ = {isa = PBXFileReference; fileEncoding = 4; lastKnownFileType = sourcecode.swift; path = ConstraintInsetTarget.swift; sourceTree = "<group>"; };
		32AEB375223A5A6E0065BE15 /* ConstraintItem.swift */ = {isa = PBXFileReference; fileEncoding = 4; lastKnownFileType = sourcecode.swift; path = ConstraintItem.swift; sourceTree = "<group>"; };
		32AEB376223A5A6E0065BE15 /* ConstraintLayoutGuide+Extensions.swift */ = {isa = PBXFileReference; fileEncoding = 4; lastKnownFileType = sourcecode.swift; path = "ConstraintLayoutGuide+Extensions.swift"; sourceTree = "<group>"; };
		32AEB377223A5A6E0065BE15 /* ConstraintLayoutGuide.swift */ = {isa = PBXFileReference; fileEncoding = 4; lastKnownFileType = sourcecode.swift; path = ConstraintLayoutGuide.swift; sourceTree = "<group>"; };
		32AEB378223A5A6E0065BE15 /* ConstraintLayoutGuideDSL.swift */ = {isa = PBXFileReference; fileEncoding = 4; lastKnownFileType = sourcecode.swift; path = ConstraintLayoutGuideDSL.swift; sourceTree = "<group>"; };
		32AEB379223A5A6E0065BE15 /* ConstraintLayoutSupport.swift */ = {isa = PBXFileReference; fileEncoding = 4; lastKnownFileType = sourcecode.swift; path = ConstraintLayoutSupport.swift; sourceTree = "<group>"; };
		32AEB37A223A5A6E0065BE15 /* ConstraintLayoutSupportDSL.swift */ = {isa = PBXFileReference; fileEncoding = 4; lastKnownFileType = sourcecode.swift; path = ConstraintLayoutSupportDSL.swift; sourceTree = "<group>"; };
		32AEB37B223A5A6E0065BE15 /* ConstraintMaker.swift */ = {isa = PBXFileReference; fileEncoding = 4; lastKnownFileType = sourcecode.swift; path = ConstraintMaker.swift; sourceTree = "<group>"; };
		32AEB37C223A5A6E0065BE15 /* ConstraintMakerEditable.swift */ = {isa = PBXFileReference; fileEncoding = 4; lastKnownFileType = sourcecode.swift; path = ConstraintMakerEditable.swift; sourceTree = "<group>"; };
		32AEB37D223A5A6E0065BE15 /* ConstraintMakerExtendable.swift */ = {isa = PBXFileReference; fileEncoding = 4; lastKnownFileType = sourcecode.swift; path = ConstraintMakerExtendable.swift; sourceTree = "<group>"; };
		32AEB37E223A5A6E0065BE15 /* ConstraintMakerFinalizable.swift */ = {isa = PBXFileReference; fileEncoding = 4; lastKnownFileType = sourcecode.swift; path = ConstraintMakerFinalizable.swift; sourceTree = "<group>"; };
		32AEB37F223A5A6E0065BE15 /* ConstraintMakerPriortizable.swift */ = {isa = PBXFileReference; fileEncoding = 4; lastKnownFileType = sourcecode.swift; path = ConstraintMakerPriortizable.swift; sourceTree = "<group>"; };
		32AEB380223A5A6E0065BE15 /* ConstraintMakerRelatable.swift */ = {isa = PBXFileReference; fileEncoding = 4; lastKnownFileType = sourcecode.swift; path = ConstraintMakerRelatable.swift; sourceTree = "<group>"; };
		32AEB381223A5A6E0065BE15 /* ConstraintMultiplierTarget.swift */ = {isa = PBXFileReference; fileEncoding = 4; lastKnownFileType = sourcecode.swift; path = ConstraintMultiplierTarget.swift; sourceTree = "<group>"; };
		32AEB382223A5A6E0065BE15 /* ConstraintOffsetTarget.swift */ = {isa = PBXFileReference; fileEncoding = 4; lastKnownFileType = sourcecode.swift; path = ConstraintOffsetTarget.swift; sourceTree = "<group>"; };
		32AEB383223A5A6E0065BE15 /* ConstraintPriority.swift */ = {isa = PBXFileReference; fileEncoding = 4; lastKnownFileType = sourcecode.swift; path = ConstraintPriority.swift; sourceTree = "<group>"; };
		32AEB384223A5A6E0065BE15 /* ConstraintPriorityTarget.swift */ = {isa = PBXFileReference; fileEncoding = 4; lastKnownFileType = sourcecode.swift; path = ConstraintPriorityTarget.swift; sourceTree = "<group>"; };
		32AEB385223A5A6E0065BE15 /* ConstraintRelatableTarget.swift */ = {isa = PBXFileReference; fileEncoding = 4; lastKnownFileType = sourcecode.swift; path = ConstraintRelatableTarget.swift; sourceTree = "<group>"; };
		32AEB386223A5A6E0065BE15 /* ConstraintRelation.swift */ = {isa = PBXFileReference; fileEncoding = 4; lastKnownFileType = sourcecode.swift; path = ConstraintRelation.swift; sourceTree = "<group>"; };
		32AEB387223A5A6E0065BE15 /* ConstraintView+Extensions.swift */ = {isa = PBXFileReference; fileEncoding = 4; lastKnownFileType = sourcecode.swift; path = "ConstraintView+Extensions.swift"; sourceTree = "<group>"; };
		32AEB388223A5A6E0065BE15 /* ConstraintView.swift */ = {isa = PBXFileReference; fileEncoding = 4; lastKnownFileType = sourcecode.swift; path = ConstraintView.swift; sourceTree = "<group>"; };
		32AEB389223A5A6E0065BE15 /* ConstraintViewDSL.swift */ = {isa = PBXFileReference; fileEncoding = 4; lastKnownFileType = sourcecode.swift; path = ConstraintViewDSL.swift; sourceTree = "<group>"; };
		32AEB38A223A5A6E0065BE15 /* Debugging.swift */ = {isa = PBXFileReference; fileEncoding = 4; lastKnownFileType = sourcecode.swift; path = Debugging.swift; sourceTree = "<group>"; };
		32AEB38B223A5A6E0065BE15 /* Info.plist */ = {isa = PBXFileReference; fileEncoding = 4; lastKnownFileType = text.plist.xml; path = Info.plist; sourceTree = "<group>"; };
		32AEB38C223A5A6E0065BE15 /* LayoutConstraint.swift */ = {isa = PBXFileReference; fileEncoding = 4; lastKnownFileType = sourcecode.swift; path = LayoutConstraint.swift; sourceTree = "<group>"; };
		32AEB38D223A5A6E0065BE15 /* LayoutConstraintItem.swift */ = {isa = PBXFileReference; fileEncoding = 4; lastKnownFileType = sourcecode.swift; path = LayoutConstraintItem.swift; sourceTree = "<group>"; };
		32AEB38E223A5A6E0065BE15 /* SnapKit.h */ = {isa = PBXFileReference; fileEncoding = 4; lastKnownFileType = sourcecode.c.h; path = SnapKit.h; sourceTree = "<group>"; };
		32AEB38F223A5A6E0065BE15 /* Typealiases.swift */ = {isa = PBXFileReference; fileEncoding = 4; lastKnownFileType = sourcecode.swift; path = Typealiases.swift; sourceTree = "<group>"; };
		32AEB390223A5A6E0065BE15 /* UILayoutSupport+Extensions.swift */ = {isa = PBXFileReference; fileEncoding = 4; lastKnownFileType = sourcecode.swift; path = "UILayoutSupport+Extensions.swift"; sourceTree = "<group>"; };
		59A9574C49826418C87538A9 /* AppDelegate.swift */ = {isa = PBXFileReference; lastKnownFileType = sourcecode.swift; path = AppDelegate.swift; sourceTree = "<group>"; };
		59A95767C08C097591FA06B9 /* Assets.xcassets */ = {isa = PBXFileReference; lastKnownFileType = folder.assetcatalog; path = Assets.xcassets; sourceTree = "<group>"; };
		59A957953A4E022019BA5126 /* BandCell.swift */ = {isa = PBXFileReference; fileEncoding = 4; lastKnownFileType = sourcecode.swift; path = BandCell.swift; sourceTree = "<group>"; };
		59A957AD67CFA9B5F5CE3100 /* Base */ = {isa = PBXFileReference; lastKnownFileType = file.storyboard; name = Base; path = Base.lproj/Main.storyboard; sourceTree = "<group>"; };
		59A959790A4BAC992228A49E /* ViewController.swift */ = {isa = PBXFileReference; lastKnownFileType = sourcecode.swift; path = ViewController.swift; sourceTree = "<group>"; };
		59A959A9AACA8644AD502FC4 /* Info.swift */ = {isa = PBXFileReference; fileEncoding = 4; lastKnownFileType = sourcecode.swift; path = Info.swift; sourceTree = "<group>"; };
		59A95AADB293BE5DBFA937F9 /* Extensions.swift */ = {isa = PBXFileReference; fileEncoding = 4; lastKnownFileType = sourcecode.swift; path = Extensions.swift; sourceTree = "<group>"; };
		59A95B43ACE3F7D8D02BD068 /* Base */ = {isa = PBXFileReference; lastKnownFileType = file.storyboard; name = Base; path = Base.lproj/LaunchScreen.storyboard; sourceTree = "<group>"; };
		59A95C0BAD3CF1EE4A698A23 /* Info.plist */ = {isa = PBXFileReference; lastKnownFileType = text.plist.info; path = Info.plist; sourceTree = "<group>"; };
		59A95FEF819A60839B9A540C /* SimpleIOSApp.app */ = {isa = PBXFileReference; explicitFileType = wrapper.application; includeInIndex = 0; path = SimpleIOSApp.app; sourceTree = BUILT_PRODUCTS_DIR; };
/* End PBXFileReference section */

/* Begin PBXFrameworksBuildPhase section */
		59A9558419D1627ACBEBBE19 /* Frameworks */ = {
			isa = PBXFrameworksBuildPhase;
			buildActionMask = 2147483647;
			files = (
			);
			runOnlyForDeploymentPostprocessing = 0;
		};
/* End PBXFrameworksBuildPhase section */

/* Begin PBXGroup section */
		32AEB36C223A5A6E0065BE15 /* SnapKit */ = {
			isa = PBXGroup;
			children = (
				32AEB36D223A5A6E0065BE15 /* Constraint.swift */,
				32AEB36E223A5A6E0065BE15 /* ConstraintAttributes.swift */,
				32AEB36F223A5A6E0065BE15 /* ConstraintConfig.swift */,
				32AEB370223A5A6E0065BE15 /* ConstraintConstantTarget.swift */,
				32AEB371223A5A6E0065BE15 /* ConstraintDescription.swift */,
				32AEB372223A5A6E0065BE15 /* ConstraintDSL.swift */,
				32AEB373223A5A6E0065BE15 /* ConstraintInsets.swift */,
				32AEB374223A5A6E0065BE15 /* ConstraintInsetTarget.swift */,
				32AEB375223A5A6E0065BE15 /* ConstraintItem.swift */,
				32AEB376223A5A6E0065BE15 /* ConstraintLayoutGuide+Extensions.swift */,
				32AEB377223A5A6E0065BE15 /* ConstraintLayoutGuide.swift */,
				32AEB378223A5A6E0065BE15 /* ConstraintLayoutGuideDSL.swift */,
				32AEB379223A5A6E0065BE15 /* ConstraintLayoutSupport.swift */,
				32AEB37A223A5A6E0065BE15 /* ConstraintLayoutSupportDSL.swift */,
				32AEB37B223A5A6E0065BE15 /* ConstraintMaker.swift */,
				32AEB37C223A5A6E0065BE15 /* ConstraintMakerEditable.swift */,
				32AEB37D223A5A6E0065BE15 /* ConstraintMakerExtendable.swift */,
				32AEB37E223A5A6E0065BE15 /* ConstraintMakerFinalizable.swift */,
				32AEB37F223A5A6E0065BE15 /* ConstraintMakerPriortizable.swift */,
				32AEB380223A5A6E0065BE15 /* ConstraintMakerRelatable.swift */,
				32AEB381223A5A6E0065BE15 /* ConstraintMultiplierTarget.swift */,
				32AEB382223A5A6E0065BE15 /* ConstraintOffsetTarget.swift */,
				32AEB383223A5A6E0065BE15 /* ConstraintPriority.swift */,
				32AEB384223A5A6E0065BE15 /* ConstraintPriorityTarget.swift */,
				32AEB385223A5A6E0065BE15 /* ConstraintRelatableTarget.swift */,
				32AEB386223A5A6E0065BE15 /* ConstraintRelation.swift */,
				32AEB387223A5A6E0065BE15 /* ConstraintView+Extensions.swift */,
				32AEB388223A5A6E0065BE15 /* ConstraintView.swift */,
				32AEB389223A5A6E0065BE15 /* ConstraintViewDSL.swift */,
				32AEB38A223A5A6E0065BE15 /* Debugging.swift */,
				32AEB38B223A5A6E0065BE15 /* Info.plist */,
				32AEB38C223A5A6E0065BE15 /* LayoutConstraint.swift */,
				32AEB38D223A5A6E0065BE15 /* LayoutConstraintItem.swift */,
				32AEB38E223A5A6E0065BE15 /* SnapKit.h */,
				32AEB38F223A5A6E0065BE15 /* Typealiases.swift */,
				32AEB390223A5A6E0065BE15 /* UILayoutSupport+Extensions.swift */,
			);
			path = SnapKit;
			sourceTree = "<group>";
		};
		59A9551DBAF7FE45BED17DEB /* Products */ = {
			isa = PBXGroup;
			children = (
				59A95FEF819A60839B9A540C /* SimpleIOSApp.app */,
			);
			name = Products;
			sourceTree = "<group>";
		};
		59A957493AEE4DF951DF945F = {
			isa = PBXGroup;
			children = (
				59A9551DBAF7FE45BED17DEB /* Products */,
				59A95A1B4BFBA824FDA86A76 /* SimpleIOSApp */,
			);
			sourceTree = "<group>";
		};
		59A95A1B4BFBA824FDA86A76 /* SimpleIOSApp */ = {
			isa = PBXGroup;
			children = (
				32AEB36C223A5A6E0065BE15 /* SnapKit */,
				59A95C0BAD3CF1EE4A698A23 /* Info.plist */,
				59A95767C08C097591FA06B9 /* Assets.xcassets */,
				59A9526197ACA5C1DAA19215 /* LaunchScreen.storyboard */,
				59A9574C49826418C87538A9 /* AppDelegate.swift */,
				59A9595F649CA0869CD9B3D3 /* Main.storyboard */,
				59A959790A4BAC992228A49E /* ViewController.swift */,
				59A95AADB293BE5DBFA937F9 /* Extensions.swift */,
				59A957953A4E022019BA5126 /* BandCell.swift */,
				59A959A9AACA8644AD502FC4 /* Info.swift */,
			);
			path = SimpleIOSApp;
			sourceTree = "<group>";
		};
/* End PBXGroup section */

/* Begin PBXNativeTarget section */
		59A952B9FC1B4A3B55D20E30 /* SimpleIOSApp */ = {
			isa = PBXNativeTarget;
			buildConfigurationList = 59A9579185CEB333218551FE /* Build configuration list for PBXNativeTarget "SimpleIOSApp" */;
			buildPhases = (
				59A95DA0532A688B254741C0 /* Sources */,
				59A9558419D1627ACBEBBE19 /* Frameworks */,
				59A95BAF2AFD8C48D65C279D /* Resources */,
			);
			buildRules = (
			);
			dependencies = (
			);
			name = SimpleIOSApp;
			productName = SimpleIOSApp;
			productReference = 59A95FEF819A60839B9A540C /* SimpleIOSApp.app */;
			productType = "com.apple.product-type.application";
		};
/* End PBXNativeTarget section */

/* Begin PBXProject section */
		59A952147F1192AF5BBA2DE3 /* Project object */ = {
			isa = PBXProject;
			attributes = {
				ORGANIZATIONNAME = "___FULLUSERNAME___";
			};
			buildConfigurationList = 59A952D8A9F92EB551FF8517 /* Build configuration list for PBXProject "SimpleIOSApp" */;
			compatibilityVersion = "Xcode 3.2";
			developmentRegion = English;
			hasScannedForEncodings = 0;
			knownRegions = (
				en,
			);
			mainGroup = 59A957493AEE4DF951DF945F;
			productRefGroup = 59A9551DBAF7FE45BED17DEB /* Products */;
			projectDirPath = "";
			projectRoot = "";
			targets = (
				59A952B9FC1B4A3B55D20E30 /* SimpleIOSApp */,
			);
		};
/* End PBXProject section */

/* Begin PBXResourcesBuildPhase section */
		59A95BAF2AFD8C48D65C279D /* Resources */ = {
			isa = PBXResourcesBuildPhase;
			buildActionMask = 2147483647;
			files = (
				32AEB3AF223A5A6E0065BE15 /* Info.plist in Resources */,
				59A95D384F1A1FC243886321 /* Assets.xcassets in Resources */,
				59A957DC6EBE931BB2E02D64 /* LaunchScreen.storyboard in Resources */,
				59A95094F510119A55EA8F50 /* Main.storyboard in Resources */,
			);
			runOnlyForDeploymentPostprocessing = 0;
		};
/* End PBXResourcesBuildPhase section */

/* Begin PBXSourcesBuildPhase section */
		59A95DA0532A688B254741C0 /* Sources */ = {
			isa = PBXSourcesBuildPhase;
			buildActionMask = 2147483647;
			files = (
				32AEB391223A5A6E0065BE15 /* Constraint.swift in Sources */,
				32AEB3A1223A5A6E0065BE15 /* ConstraintMakerExtendable.swift in Sources */,
				32AEB3B2223A5A6E0065BE15 /* Typealiases.swift in Sources */,
				32AEB3A2223A5A6E0065BE15 /* ConstraintMakerFinalizable.swift in Sources */,
				32AEB39A223A5A6E0065BE15 /* ConstraintLayoutGuide+Extensions.swift in Sources */,
				32AEB3AD223A5A6E0065BE15 /* ConstraintViewDSL.swift in Sources */,
				32AEB393223A5A6E0065BE15 /* ConstraintConfig.swift in Sources */,
				32AEB392223A5A6E0065BE15 /* ConstraintAttributes.swift in Sources */,
				32AEB3A4223A5A6E0065BE15 /* ConstraintMakerRelatable.swift in Sources */,
				32AEB3A9223A5A6E0065BE15 /* ConstraintRelatableTarget.swift in Sources */,
				32AEB397223A5A6E0065BE15 /* ConstraintInsets.swift in Sources */,
				32AEB399223A5A6E0065BE15 /* ConstraintItem.swift in Sources */,
				32AEB3AB223A5A6E0065BE15 /* ConstraintView+Extensions.swift in Sources */,
				32AEB3AA223A5A6E0065BE15 /* ConstraintRelation.swift in Sources */,
				32AEB394223A5A6E0065BE15 /* ConstraintConstantTarget.swift in Sources */,
				32AEB3A6223A5A6E0065BE15 /* ConstraintOffsetTarget.swift in Sources */,
				32AEB3A8223A5A6E0065BE15 /* ConstraintPriorityTarget.swift in Sources */,
				32AEB3AC223A5A6E0065BE15 /* ConstraintView.swift in Sources */,
				32AEB3B3223A5A6E0065BE15 /* UILayoutSupport+Extensions.swift in Sources */,
				32AEB39B223A5A6E0065BE15 /* ConstraintLayoutGuide.swift in Sources */,
				59A9575A08034FCC5A3600F7 /* AppDelegate.swift in Sources */,
				32AEB3A0223A5A6E0065BE15 /* ConstraintMakerEditable.swift in Sources */,
				32AEB39F223A5A6E0065BE15 /* ConstraintMaker.swift in Sources */,
				32AEB395223A5A6E0065BE15 /* ConstraintDescription.swift in Sources */,
				32AEB3AE223A5A6E0065BE15 /* Debugging.swift in Sources */,
				32AEB3B0223A5A6E0065BE15 /* LayoutConstraint.swift in Sources */,
				32AEB3A7223A5A6E0065BE15 /* ConstraintPriority.swift in Sources */,
				32AEB3B1223A5A6E0065BE15 /* LayoutConstraintItem.swift in Sources */,
				32AEB3A5223A5A6E0065BE15 /* ConstraintMultiplierTarget.swift in Sources */,
				32AEB3A3223A5A6E0065BE15 /* ConstraintMakerPriortizable.swift in Sources */,
				32AEB396223A5A6E0065BE15 /* ConstraintDSL.swift in Sources */,
				32AEB39C223A5A6E0065BE15 /* ConstraintLayoutGuideDSL.swift in Sources */,
				32AEB39E223A5A6E0065BE15 /* ConstraintLayoutSupportDSL.swift in Sources */,
				59A95276D7B2FC80ABB209F7 /* ViewController.swift in Sources */,
				32AEB39D223A5A6E0065BE15 /* ConstraintLayoutSupport.swift in Sources */,
				32AEB398223A5A6E0065BE15 /* ConstraintInsetTarget.swift in Sources */,
				59A9526DFFDE0B742C85A3E6 /* Extensions.swift in Sources */,
				59A95F70DAB2E45B7766D56D /* BandCell.swift in Sources */,
				59A954D300F8F14CE5831A73 /* Info.swift in Sources */,
			);
			runOnlyForDeploymentPostprocessing = 0;
		};
/* End PBXSourcesBuildPhase section */

/* Begin PBXVariantGroup section */
		59A9526197ACA5C1DAA19215 /* LaunchScreen.storyboard */ = {
			isa = PBXVariantGroup;
			children = (
				59A95B43ACE3F7D8D02BD068 /* Base */,
			);
			name = LaunchScreen.storyboard;
			sourceTree = "<group>";
		};
		59A9595F649CA0869CD9B3D3 /* Main.storyboard */ = {
			isa = PBXVariantGroup;
			children = (
				59A957AD67CFA9B5F5CE3100 /* Base */,
			);
			name = Main.storyboard;
			sourceTree = "<group>";
		};
/* End PBXVariantGroup section */

/* Begin XCBuildConfiguration section */
		59A9519A2673233FD13F25E4 /* Debug */ = {
			isa = XCBuildConfiguration;
			buildSettings = {
				ALWAYS_SEARCH_USER_PATHS = NO;
				CLANG_ANALYZER_NONNULL = YES;
				CLANG_ANALYZER_NUMBER_OBJECT_CONVERSION = YES_AGGRESSIVE;
				CLANG_CXX_LANGUAGE_STANDARD = "gnu++14";
				CLANG_CXX_LIBRARY = "libc++";
				CLANG_ENABLE_MODULES = YES;
				CLANG_ENABLE_OBJC_ARC = YES;
				CLANG_ENABLE_OBJC_WEAK = YES;
				CLANG_WARN_BLOCK_CAPTURE_AUTORELEASING = YES;
				CLANG_WARN_BOOL_CONVERSION = YES;
				CLANG_WARN_COMMA = YES;
				CLANG_WARN_CONSTANT_CONVERSION = YES;
				CLANG_WARN_DEPRECATED_OBJC_IMPLEMENTATIONS = YES;
				CLANG_WARN_DIRECT_OBJC_ISA_USAGE = YES_ERROR;
				CLANG_WARN_DOCUMENTATION_COMMENTS = YES;
				CLANG_WARN_EMPTY_BODY = YES;
				CLANG_WARN_ENUM_CONVERSION = YES;
				CLANG_WARN_INFINITE_RECURSION = YES;
				CLANG_WARN_INT_CONVERSION = YES;
				CLANG_WARN_NON_LITERAL_NULL_CONVERSION = YES;
				CLANG_WARN_OBJC_IMPLICIT_RETAIN_SELF = YES;
				CLANG_WARN_OBJC_LITERAL_CONVERSION = YES;
				CLANG_WARN_OBJC_ROOT_CLASS = YES_ERROR;
				CLANG_WARN_RANGE_LOOP_ANALYSIS = YES;
				CLANG_WARN_STRICT_PROTOTYPES = YES;
				CLANG_WARN_SUSPICIOUS_MOVE = YES;
				CLANG_WARN_UNGUARDED_AVAILABILITY = YES_AGGRESSIVE;
				CLANG_WARN_UNREACHABLE_CODE = YES;
				CLANG_WARN__DUPLICATE_METHOD_MATCH = YES;
				CODE_SIGN_IDENTITY = "iPhone Developer";
				COPY_PHASE_STRIP = NO;
				DEBUG_INFORMATION_FORMAT = dwarf;
				ENABLE_STRICT_OBJC_MSGSEND = YES;
				ENABLE_TESTABILITY = YES;
				GCC_C_LANGUAGE_STANDARD = gnu11;
				GCC_DYNAMIC_NO_PIC = NO;
				GCC_NO_COMMON_BLOCKS = YES;
				GCC_OPTIMIZATION_LEVEL = 0;
				GCC_PREPROCESSOR_DEFINITIONS = (
					"DEBUG=1",
					"$(inherited)",
				);
				GCC_WARN_64_TO_32_BIT_CONVERSION = YES;
				GCC_WARN_ABOUT_RETURN_TYPE = YES_ERROR;
				GCC_WARN_UNDECLARED_SELECTOR = YES;
				GCC_WARN_UNINITIALIZED_AUTOS = YES_AGGRESSIVE;
				GCC_WARN_UNUSED_FUNCTION = YES;
				GCC_WARN_UNUSED_VARIABLE = YES;
				IPHONEOS_DEPLOYMENT_TARGET = 12.1;
				MTL_ENABLE_DEBUG_INFO = INCLUDE_SOURCE;
				MTL_FAST_MATH = YES;
				ONLY_ACTIVE_ARCH = YES;
				SDKROOT = iphoneos;
				SWIFT_ACTIVE_COMPILATION_CONDITIONS = DEBUG;
				SWIFT_OPTIMIZATION_LEVEL = "-Onone";
			};
			name = Debug;
		};
		59A9549C94913279DCDC32A8 /* Debug */ = {
			isa = XCBuildConfiguration;
			buildSettings = {
				ASSETCATALOG_COMPILER_APPICON_NAME = AppIcon;
				INFOPLIST_FILE = SimpleIOSApp/Info.plist;
				LD_RUNPATH_SEARCH_PATHS = "$(inherited) @executable_path/Frameworks";
				PRODUCT_BUNDLE_IDENTIFIER = utolayoutDemo.long.com.SimpleIOSApp;
				PRODUCT_NAME = "$(TARGET_NAME)";
				SWIFT_VERSION = 4.2;
				TARGETED_DEVICE_FAMILY = "1,2";
			};
			name = Debug;
		};
		59A955F1D37476697EE5FFDD /* Release */ = {
			isa = XCBuildConfiguration;
			buildSettings = {
				ALWAYS_SEARCH_USER_PATHS = NO;
				CLANG_ANALYZER_NONNULL = YES;
				CLANG_ANALYZER_NUMBER_OBJECT_CONVERSION = YES_AGGRESSIVE;
				CLANG_CXX_LANGUAGE_STANDARD = "gnu++14";
				CLANG_CXX_LIBRARY = "libc++";
				CLANG_ENABLE_MODULES = YES;
				CLANG_ENABLE_OBJC_ARC = YES;
				CLANG_ENABLE_OBJC_WEAK = YES;
				CLANG_WARN_BLOCK_CAPTURE_AUTORELEASING = YES;
				CLANG_WARN_BOOL_CONVERSION = YES;
				CLANG_WARN_COMMA = YES;
				CLANG_WARN_CONSTANT_CONVERSION = YES;
				CLANG_WARN_DEPRECATED_OBJC_IMPLEMENTATIONS = YES;
				CLANG_WARN_DIRECT_OBJC_ISA_USAGE = YES_ERROR;
				CLANG_WARN_DOCUMENTATION_COMMENTS = YES;
				CLANG_WARN_EMPTY_BODY = YES;
				CLANG_WARN_ENUM_CONVERSION = YES;
				CLANG_WARN_INFINITE_RECURSION = YES;
				CLANG_WARN_INT_CONVERSION = YES;
				CLANG_WARN_NON_LITERAL_NULL_CONVERSION = YES;
				CLANG_WARN_OBJC_IMPLICIT_RETAIN_SELF = YES;
				CLANG_WARN_OBJC_LITERAL_CONVERSION = YES;
				CLANG_WARN_OBJC_ROOT_CLASS = YES_ERROR;
				CLANG_WARN_RANGE_LOOP_ANALYSIS = YES;
				CLANG_WARN_STRICT_PROTOTYPES = YES;
				CLANG_WARN_SUSPICIOUS_MOVE = YES;
				CLANG_WARN_UNGUARDED_AVAILABILITY = YES_AGGRESSIVE;
				CLANG_WARN_UNREACHABLE_CODE = YES;
				CLANG_WARN__DUPLICATE_METHOD_MATCH = YES;
				CODE_SIGN_IDENTITY = "iPhone Developer";
				COPY_PHASE_STRIP = NO;
				DEBUG_INFORMATION_FORMAT = "dwarf-with-dsym";
				ENABLE_NS_ASSERTIONS = NO;
				ENABLE_STRICT_OBJC_MSGSEND = YES;
				GCC_C_LANGUAGE_STANDARD = gnu11;
				GCC_NO_COMMON_BLOCKS = YES;
				GCC_WARN_64_TO_32_BIT_CONVERSION = YES;
				GCC_WARN_ABOUT_RETURN_TYPE = YES_ERROR;
				GCC_WARN_UNDECLARED_SELECTOR = YES;
				GCC_WARN_UNINITIALIZED_AUTOS = YES_AGGRESSIVE;
				GCC_WARN_UNUSED_FUNCTION = YES;
				GCC_WARN_UNUSED_VARIABLE = YES;
				IPHONEOS_DEPLOYMENT_TARGET = 12.1;
				MTL_ENABLE_DEBUG_INFO = NO;
				MTL_FAST_MATH = YES;
				SDKROOT = iphoneos;
				SWIFT_OPTIMIZATION_LEVEL = "-Owholemodule";
				VALIDATE_PRODUCT = YES;
			};
			name = Release;
		};
		59A9569C36122D209132DC39 /* Release */ = {
			isa = XCBuildConfiguration;
			buildSettings = {
				ASSETCATALOG_COMPILER_APPICON_NAME = AppIcon;
				INFOPLIST_FILE = SimpleIOSApp/Info.plist;
				LD_RUNPATH_SEARCH_PATHS = "$(inherited) @executable_path/Frameworks";
				PRODUCT_BUNDLE_IDENTIFIER = utolayoutDemo.long.com.SimpleIOSApp;
				PRODUCT_NAME = "$(TARGET_NAME)";
				SWIFT_VERSION = 4.2;
				TARGETED_DEVICE_FAMILY = "1,2";
			};
			name = Release;
		};
/* End XCBuildConfiguration section */

/* Begin XCConfigurationList section */
		59A952D8A9F92EB551FF8517 /* Build configuration list for PBXProject "SimpleIOSApp" */ = {
			isa = XCConfigurationList;
			buildConfigurations = (
				59A9519A2673233FD13F25E4 /* Debug */,
				59A955F1D37476697EE5FFDD /* Release */,
			);
			defaultConfigurationIsVisible = 0;
			defaultConfigurationName = Release;
		};
		59A9579185CEB333218551FE /* Build configuration list for PBXNativeTarget "SimpleIOSApp" */ = {
			isa = XCConfigurationList;
			buildConfigurations = (
				59A9549C94913279DCDC32A8 /* Debug */,
				59A9569C36122D209132DC39 /* Release */,
			);
			defaultConfigurationIsVisible = 0;
			defaultConfigurationName = Release;
		};
/* End XCConfigurationList section */
	};
	rootObject = 59A952147F1192AF5BBA2DE3 /* Project object */;
}
