<?xml version="1.0" encoding="UTF-8"?>
<Scheme
   version = "1.3">
   <BuildAction>
      <BuildActionEntries>
         <BuildActionEntry
            buildForRunning = "YES">
            <BuildableReference
               BuildableIdentifier = "primary"
               BlueprintIdentifier = "59A952B9FC1B4A3B55D20E30"
               BuildableName = "SimpleIOSApp.app"
               BlueprintName = "SimpleIOSApp"
               ReferencedContainer = "container:SimpleIOSApp.xcodeproj">
            </BuildableReference>
         </BuildActionEntry>
      </BuildActionEntries>
   </BuildAction>
   <LaunchAction
      useCustomWorkingDirectory = "NO"
      buildConfiguration = "Debug"
      allowLocationSimulation = "YES">
      <BuildableProductRunnable>
         <BuildableReference
            BuildableIdentifier = "primary"
            BlueprintIdentifier = "59A952B9FC1B4A3B55D20E30"
            BuildableName = "SimpleIOSApp.app"
            BlueprintName = "SimpleIOSApp"
            ReferencedContainer = "container:SimpleIOSApp.xcodeproj">
         </BuildableReference>
      </BuildableProductRunnable>
   </LaunchAction>
</Scheme>
